
Microsoft Visual Studio Solution File, Format Version 12.00
# Visual Studio 14
VisualStudioVersion = 14.0.25420.1
MinimumVisualStudioVersion = 10.0.40219.1
Project("{FAE04EC0-301F-11D3-BF4B-00C04F79EFBC}") = "BLL", "BLL\BLL.csproj", "{C08FBAC9-7DB3-4189-A22D-CAF504EBC3C2}"
EndProject
Project("{FAE04EC0-301F-11D3-BF4B-00C04F79EFBC}") = "ConsoleResolver", "ConsoleResolver\ConsoleResolver.csproj", "{6BA3C6E4-F7CE-43D1-BD85-3A91484670EC}"
EndProject
Project("{FAE04EC0-301F-11D3-BF4B-00C04F79EFBC}") = "BLL.Test", "BLL.Test\BLL.Test.csproj", "{4DA9D0E6-5C96-41EC-A74C-DEE409389809}"
EndProject
Project("{FAE04EC0-301F-11D3-BF4B-00C04F79EFBC}") = "WpfResolver", "WpfResolver\WpfResolver.csproj", "{7F34A577-7DDB-4122-9530-F2ED3A742C8B}"
EndProject
Project("{FAE04EC0-301F-11D3-BF4B-00C04F79EFBC}") = "ConsoleResolverTest", "ConsoleResolverTest\ConsoleResolverTest.csproj", "{777DA730-7BF6-4CC2-965B-3CDDC69DF00E}"
EndProject
Project("{2150E333-8FDC-42A3-9474-1A3956D46DE8}") = "Solution Items", "Solution Items", "{CEB9218E-CD34-4A63-8D0A-2675657EA002}"
	ProjectSection(SolutionItems) = preProject
		Custom.AllRules.ruleset = Custom.AllRules.ruleset
		CustomDictionary.xml = CustomDictionary.xml
	EndProjectSection
EndProject
Global
	GlobalSection(SolutionConfigurationPlatforms) = preSolution
		Debug|Any CPU = Debug|Any CPU
		Release|Any CPU = Release|Any CPU
	EndGlobalSection
	GlobalSection(ProjectConfigurationPlatforms) = postSolution
		{C08FBAC9-7DB3-4189-A22D-CAF504EBC3C2}.Debug|Any CPU.ActiveCfg = Debug|Any CPU
		{C08FBAC9-7DB3-4189-A22D-CAF504EBC3C2}.Debug|Any CPU.Build.0 = Debug|Any CPU
		{C08FBAC9-7DB3-4189-A22D-CAF504EBC3C2}.Release|Any CPU.ActiveCfg = Release|Any CPU
		{C08FBAC9-7DB3-4189-A22D-CAF504EBC3C2}.Release|Any CPU.Build.0 = Release|Any CPU
		{6BA3C6E4-F7CE-43D1-BD85-3A91484670EC}.Debug|Any CPU.ActiveCfg = Debug|Any CPU
		{6BA3C6E4-F7CE-43D1-BD85-3A91484670EC}.Debug|Any CPU.Build.0 = Debug|Any CPU
		{6BA3C6E4-F7CE-43D1-BD85-3A91484670EC}.Release|Any CPU.ActiveCfg = Release|Any CPU
		{6BA3C6E4-F7CE-43D1-BD85-3A91484670EC}.Release|Any CPU.Build.0 = Release|Any CPU
		{4DA9D0E6-5C96-41EC-A74C-DEE409389809}.Debug|Any CPU.ActiveCfg = Debug|Any CPU
		{4DA9D0E6-5C96-41EC-A74C-DEE409389809}.Debug|Any CPU.Build.0 = Debug|Any CPU
		{4DA9D0E6-5C96-41EC-A74C-DEE409389809}.Release|Any CPU.ActiveCfg = Release|Any CPU
		{4DA9D0E6-5C96-41EC-A74C-DEE409389809}.Release|Any CPU.Build.0 = Release|Any CPU
		{7F34A577-7DDB-4122-9530-F2ED3A742C8B}.Debug|Any CPU.ActiveCfg = Debug|Any CPU
		{7F34A577-7DDB-4122-9530-F2ED3A742C8B}.Debug|Any CPU.Build.0 = Debug|Any CPU
		{7F34A577-7DDB-4122-9530-F2ED3A742C8B}.Release|Any CPU.ActiveCfg = Release|Any CPU
		{7F34A577-7DDB-4122-9530-F2ED3A742C8B}.Release|Any CPU.Build.0 = Release|Any CPU
		{777DA730-7BF6-4CC2-965B-3CDDC69DF00E}.Debug|Any CPU.ActiveCfg = Debug|Any CPU
		{777DA730-7BF6-4CC2-965B-3CDDC69DF00E}.Debug|Any CPU.Build.0 = Debug|Any CPU
		{777DA730-7BF6-4CC2-965B-3CDDC69DF00E}.Release|Any CPU.ActiveCfg = Release|Any CPU
		{777DA730-7BF6-4CC2-965B-3CDDC69DF00E}.Release|Any CPU.Build.0 = Release|Any CPU
	EndGlobalSection
	GlobalSection(SolutionProperties) = preSolution
		HideSolutionNode = FALSE
	EndGlobalSection
EndGlobal
