
Microsoft Visual Studio Solution File, Format Version 12.00
# Visual Studio Version 16
VisualStudioVersion = 16.0.30427.197
MinimumVisualStudioVersion = 10.0.40219.1
Project("{FAE04EC0-301F-11D3-BF4B-00C04F79EFBC}") = "BLL", "BLL\BLL.csproj", "{C08FBAC9-7DB3-4189-A22D-CAF504EBC3C2}"
EndProject
Project("{FAE04EC0-301F-11D3-BF4B-00C04F79EFBC}") = "BLL.Test", "BLL.Test\BLL.Test.csproj", "{4DA9D0E6-5C96-41EC-A74C-DEE409389809}"
EndProject
Project("{2150E333-8FDC-42A3-9474-1A3956D46DE8}") = "Solution Items", "Solution Items", "{CEB9218E-CD34-4A63-8D0A-2675657EA002}"
	ProjectSection(SolutionItems) = preProject
		Custom.AllRules.ruleset = Custom.AllRules.ruleset
		CustomDictionary.xml = CustomDictionary.xml
	EndProjectSection
EndProject
Project("{FAE04EC0-301F-11D3-BF4B-00C04F79EFBC}") = "PL", "PL\PL.csproj", "{DA7C221F-45E8-4DFD-B915-72423FF995DC}"
EndProject
Global
	GlobalSection(SolutionConfigurationPlatforms) = preSolution
		Debug|Any CPU = Debug|Any CPU
		Release|Any CPU = Release|Any CPU
	EndGlobalSection
	GlobalSection(ProjectConfigurationPlatforms) = postSolution
		{C08FBAC9-7DB3-4189-A22D-CAF504EBC3C2}.Debug|Any CPU.ActiveCfg = Debug|Any CPU
		{C08FBAC9-7DB3-4189-A22D-CAF504EBC3C2}.Debug|Any CPU.Build.0 = Debug|Any CPU
		{C08FBAC9-7DB3-4189-A22D-CAF504EBC3C2}.Release|Any CPU.ActiveCfg = Release|Any CPU
		{C08FBAC9-7DB3-4189-A22D-CAF504EBC3C2}.Release|Any CPU.Build.0 = Release|Any CPU
		{4DA9D0E6-5C96-41EC-A74C-DEE409389809}.Debug|Any CPU.ActiveCfg = Debug|Any CPU
		{4DA9D0E6-5C96-41EC-A74C-DEE409389809}.Debug|Any CPU.Build.0 = Debug|Any CPU
		{4DA9D0E6-5C96-41EC-A74C-DEE409389809}.Release|Any CPU.ActiveCfg = Release|Any CPU
		{4DA9D0E6-5C96-41EC-A74C-DEE409389809}.Release|Any CPU.Build.0 = Release|Any CPU
		{DA7C221F-45E8-4DFD-B915-72423FF995DC}.Debug|Any CPU.ActiveCfg = Debug|Any CPU
		{DA7C221F-45E8-4DFD-B915-72423FF995DC}.Debug|Any CPU.Build.0 = Debug|Any CPU
		{DA7C221F-45E8-4DFD-B915-72423FF995DC}.Release|Any CPU.ActiveCfg = Release|Any CPU
		{DA7C221F-45E8-4DFD-B915-72423FF995DC}.Release|Any CPU.Build.0 = Release|Any CPU
	EndGlobalSection
	GlobalSection(SolutionProperties) = preSolution
		HideSolutionNode = FALSE
	EndGlobalSection
	GlobalSection(ExtensibilityGlobals) = postSolution
		SolutionGuid = {F0D70C87-1B44-47FB-9F55-72D9B5223BF7}
	EndGlobalSection
EndGlobal
